// !$*UTF8*$!
{
	archiveVersion = 1;
	classes = {
	};
	objectVersion = 48;
	objects = {

/* Begin PBXBuildFile section */
		5B8E5BB3204FCEAC00DEFCA6 /* Home.storyboard in Resources */ = {isa = PBXBuildFile; fileRef = 5B8E5BB2204FCEAC00DEFCA6 /* Home.storyboard */; };
		5B8E5BB5204FCED000DEFCA6 /* Live.storyboard in Resources */ = {isa = PBXBuildFile; fileRef = 5B8E5BB4204FCED000DEFCA6 /* Live.storyboard */; };
		5B8E5BB7204FCEE300DEFCA6 /* Follow.storyboard in Resources */ = {isa = PBXBuildFile; fileRef = 5B8E5BB6204FCEE300DEFCA6 /* Follow.storyboard */; };
		5B8E5BB9204FCF1000DEFCA6 /* Profile.storyboard in Resources */ = {isa = PBXBuildFile; fileRef = 5B8E5BB8204FCF1000DEFCA6 /* Profile.storyboard */; };
		5B8E5BDB2050CB6B00DEFCA6 /* MainViewController.swift in Sources */ = {isa = PBXBuildFile; fileRef = 5B8E5BD92050CB6B00DEFCA6 /* MainViewController.swift */; };
		5B8E5BDC2050CB6B00DEFCA6 /* Main.storyboard in Resources */ = {isa = PBXBuildFile; fileRef = 5B8E5BDA2050CB6B00DEFCA6 /* Main.storyboard */; };
		5B8E5BDE2050CD6200DEFCA6 /* HomeViewController.swift in Sources */ = {isa = PBXBuildFile; fileRef = 5B8E5BDD2050CD6200DEFCA6 /* HomeViewController.swift */; };
		5B8E5BE12050DA9200DEFCA6 /* UIBarButtonItem-Extension.swift in Sources */ = {isa = PBXBuildFile; fileRef = 5B8E5BE02050DA9200DEFCA6 /* UIBarButtonItem-Extension.swift */; };
		5B8E5BE5205127B200DEFCA6 /* PageTitleView.swift in Sources */ = {isa = PBXBuildFile; fileRef = 5B8E5BE4205127B200DEFCA6 /* PageTitleView.swift */; };
		5B8E5BE720512DA200DEFCA6 /* Common.swift in Sources */ = {isa = PBXBuildFile; fileRef = 5B8E5BE620512DA200DEFCA6 /* Common.swift */; };
		5B8E5BED2052294000DEFCA6 /* UIColor-Extension.swift in Sources */ = {isa = PBXBuildFile; fileRef = 5B8E5BEC2052294000DEFCA6 /* UIColor-Extension.swift */; };
		5B9D560C2052855D00B45D84 /* PageContentView.swift in Sources */ = {isa = PBXBuildFile; fileRef = 5B9D560B2052855D00B45D84 /* PageContentView.swift */; };
		5BDD8A0B204E8F7C009FAA66 /* AppDelegate.swift in Sources */ = {isa = PBXBuildFile; fileRef = 5BDD8A0A204E8F7C009FAA66 /* AppDelegate.swift */; };
		5BDD8A12204E8F7C009FAA66 /* Assets.xcassets in Resources */ = {isa = PBXBuildFile; fileRef = 5BDD8A11204E8F7C009FAA66 /* Assets.xcassets */; };
		5BDD8A15204E8F7C009FAA66 /* LaunchScreen.storyboard in Resources */ = {isa = PBXBuildFile; fileRef = 5BDD8A13204E8F7C009FAA66 /* LaunchScreen.storyboard */; };
/* End PBXBuildFile section */

/* Begin PBXFileReference section */
		5B8E5BB2204FCEAC00DEFCA6 /* Home.storyboard */ = {isa = PBXFileReference; fileEncoding = 4; lastKnownFileType = file.storyboard; path = Home.storyboard; sourceTree = "<group>"; };
		5B8E5BB4204FCED000DEFCA6 /* Live.storyboard */ = {isa = PBXFileReference; fileEncoding = 4; lastKnownFileType = file.storyboard; path = Live.storyboard; sourceTree = "<group>"; };
		5B8E5BB6204FCEE300DEFCA6 /* Follow.storyboard */ = {isa = PBXFileReference; fileEncoding = 4; lastKnownFileType = file.storyboard; path = Follow.storyboard; sourceTree = "<group>"; };
		5B8E5BB8204FCF1000DEFCA6 /* Profile.storyboard */ = {isa = PBXFileReference; fileEncoding = 4; lastKnownFileType = file.storyboard; path = Profile.storyboard; sourceTree = "<group>"; };
		5B8E5BD92050CB6B00DEFCA6 /* MainViewController.swift */ = {isa = PBXFileReference; fileEncoding = 4; lastKnownFileType = sourcecode.swift; path = MainViewController.swift; sourceTree = "<group>"; };
		5B8E5BDA2050CB6B00DEFCA6 /* Main.storyboard */ = {isa = PBXFileReference; fileEncoding = 4; lastKnownFileType = file.storyboard; path = Main.storyboard; sourceTree = "<group>"; };
		5B8E5BDD2050CD6200DEFCA6 /* HomeViewController.swift */ = {isa = PBXFileReference; lastKnownFileType = sourcecode.swift; path = HomeViewController.swift; sourceTree = "<group>"; };
		5B8E5BE02050DA9200DEFCA6 /* UIBarButtonItem-Extension.swift */ = {isa = PBXFileReference; lastKnownFileType = sourcecode.swift; path = "UIBarButtonItem-Extension.swift"; sourceTree = "<group>"; };
		5B8E5BE4205127B200DEFCA6 /* PageTitleView.swift */ = {isa = PBXFileReference; lastKnownFileType = sourcecode.swift; path = PageTitleView.swift; sourceTree = "<group>"; };
		5B8E5BE620512DA200DEFCA6 /* Common.swift */ = {isa = PBXFileReference; lastKnownFileType = sourcecode.swift; path = Common.swift; sourceTree = "<group>"; };
		5B8E5BEC2052294000DEFCA6 /* UIColor-Extension.swift */ = {isa = PBXFileReference; lastKnownFileType = sourcecode.swift; path = "UIColor-Extension.swift"; sourceTree = "<group>"; };
		5B9D560B2052855D00B45D84 /* PageContentView.swift */ = {isa = PBXFileReference; lastKnownFileType = sourcecode.swift; path = PageContentView.swift; sourceTree = "<group>"; };
		5BDD8A07204E8F7C009FAA66 /* douyu.app */ = {isa = PBXFileReference; explicitFileType = wrapper.application; includeInIndex = 0; path = douyu.app; sourceTree = BUILT_PRODUCTS_DIR; };
		5BDD8A0A204E8F7C009FAA66 /* AppDelegate.swift */ = {isa = PBXFileReference; lastKnownFileType = sourcecode.swift; path = AppDelegate.swift; sourceTree = "<group>"; };
		5BDD8A11204E8F7C009FAA66 /* Assets.xcassets */ = {isa = PBXFileReference; lastKnownFileType = folder.assetcatalog; path = Assets.xcassets; sourceTree = "<group>"; };
		5BDD8A14204E8F7C009FAA66 /* Base */ = {isa = PBXFileReference; lastKnownFileType = file.storyboard; name = Base; path = Base.lproj/LaunchScreen.storyboard; sourceTree = "<group>"; };
		5BDD8A16204E8F7C009FAA66 /* Info.plist */ = {isa = PBXFileReference; lastKnownFileType = text.plist.xml; path = Info.plist; sourceTree = "<group>"; };
/* End PBXFileReference section */

/* Begin PBXFrameworksBuildPhase section */
		5BDD8A04204E8F7C009FAA66 /* Frameworks */ = {
			isa = PBXFrameworksBuildPhase;
			buildActionMask = 2147483647;
			files = (
			);
			runOnlyForDeploymentPostprocessing = 0;
		};
/* End PBXFrameworksBuildPhase section */

/* Begin PBXGroup section */
		5B8E5BA7204FBB4200DEFCA6 /* Classes */ = {
			isa = PBXGroup;
			children = (
				5B8E5BAD204FBB4200DEFCA6 /* Main */,
				5B8E5BA8204FBB4200DEFCA6 /* Home */,
				5B8E5BAC204FBB4200DEFCA6 /* Live */,
				5B8E5BAA204FBB4200DEFCA6 /* Follow */,
				5B8E5BAB204FBB4200DEFCA6 /* profile */,
				5B8E5BA9204FBB4200DEFCA6 /* tools */,
			);
			path = Classes;
			sourceTree = "<group>";
		};
		5B8E5BA8204FBB4200DEFCA6 /* Home */ = {
			isa = PBXGroup;
			children = (
				5B8E5BCE2050CA2C00DEFCA6 /* Model */,
				5B8E5BCD2050CA2C00DEFCA6 /* View */,
				5B8E5BCF2050CA2C00DEFCA6 /* Contrller */,
			);
			path = Home;
			sourceTree = "<group>";
		};
		5B8E5BA9204FBB4200DEFCA6 /* tools */ = {
			isa = PBXGroup;
			children = (
				5B8E5BDF2050D94300DEFCA6 /* extension */,
				5B8E5BE620512DA200DEFCA6 /* Common.swift */,
			);
			path = tools;
			sourceTree = "<group>";
		};
		5B8E5BAA204FBB4200DEFCA6 /* Follow */ = {
			isa = PBXGroup;
			children = (
				5B8E5BD52050CA5200DEFCA6 /* Model */,
				5B8E5BD42050CA5200DEFCA6 /* View */,
				5B8E5BD32050CA5200DEFCA6 /* Contrller */,
			);
			path = Follow;
			sourceTree = "<group>";
		};
		5B8E5BAB204FBB4200DEFCA6 /* profile */ = {
			isa = PBXGroup;
			children = (
				5B8E5BD72050CA5C00DEFCA6 /* Model */,
				5B8E5BD82050CA5D00DEFCA6 /* View */,
				5B8E5BD62050CA5C00DEFCA6 /* Contrller */,
			);
			path = profile;
			sourceTree = "<group>";
		};
		5B8E5BAC204FBB4200DEFCA6 /* Live */ = {
			isa = PBXGroup;
			children = (
				5B8E5BD12050CA3C00DEFCA6 /* Model */,
				5B8E5BD22050CA3C00DEFCA6 /* View */,
				5B8E5BD02050CA3C00DEFCA6 /* Contrller */,
			);
			path = Live;
			sourceTree = "<group>";
		};
		5B8E5BAD204FBB4200DEFCA6 /* Main */ = {
			isa = PBXGroup;
			children = (
				5B8E5BCB2050C9F900DEFCA6 /* Model */,
				5B8E5BCC2050C9FA00DEFCA6 /* View */,
				5B8E5BCA2050C9F900DEFCA6 /* Controller */,
			);
			path = Main;
			sourceTree = "<group>";
		};
		5B8E5BCA2050C9F900DEFCA6 /* Controller */ = {
			isa = PBXGroup;
			children = (
				5B8E5BDA2050CB6B00DEFCA6 /* Main.storyboard */,
				5B8E5BD92050CB6B00DEFCA6 /* MainViewController.swift */,
			);
			path = Controller;
			sourceTree = "<group>";
		};
		5B8E5BCB2050C9F900DEFCA6 /* Model */ = {
			isa = PBXGroup;
			children = (
			);
			path = Model;
			sourceTree = "<group>";
		};
		5B8E5BCC2050C9FA00DEFCA6 /* View */ = {
			isa = PBXGroup;
			children = (
				5B8E5BE4205127B200DEFCA6 /* PageTitleView.swift */,
				5B9D560B2052855D00B45D84 /* PageContentView.swift */,
			);
			path = View;
			sourceTree = "<group>";
		};
		5B8E5BCD2050CA2C00DEFCA6 /* View */ = {
			isa = PBXGroup;
			children = (
			);
			path = View;
			sourceTree = "<group>";
		};
		5B8E5BCE2050CA2C00DEFCA6 /* Model */ = {
			isa = PBXGroup;
			children = (
			);
			path = Model;
			sourceTree = "<group>";
		};
		5B8E5BCF2050CA2C00DEFCA6 /* Contrller */ = {
			isa = PBXGroup;
			children = (
				5B8E5BB2204FCEAC00DEFCA6 /* Home.storyboard */,
				5B8E5BDD2050CD6200DEFCA6 /* HomeViewController.swift */,
			);
			path = Contrller;
			sourceTree = "<group>";
		};
		5B8E5BD02050CA3C00DEFCA6 /* Contrller */ = {
			isa = PBXGroup;
			children = (
				5B8E5BB4204FCED000DEFCA6 /* Live.storyboard */,
			);
			path = Contrller;
			sourceTree = "<group>";
		};
		5B8E5BD12050CA3C00DEFCA6 /* Model */ = {
			isa = PBXGroup;
			children = (
			);
			path = Model;
			sourceTree = "<group>";
		};
		5B8E5BD22050CA3C00DEFCA6 /* View */ = {
			isa = PBXGroup;
			children = (
			);
			path = View;
			sourceTree = "<group>";
		};
		5B8E5BD32050CA5200DEFCA6 /* Contrller */ = {
			isa = PBXGroup;
			children = (
				5B8E5BB6204FCEE300DEFCA6 /* Follow.storyboard */,
			);
			path = Contrller;
			sourceTree = "<group>";
		};
		5B8E5BD42050CA5200DEFCA6 /* View */ = {
			isa = PBXGroup;
			children = (
			);
			path = View;
			sourceTree = "<group>";
		};
		5B8E5BD52050CA5200DEFCA6 /* Model */ = {
			isa = PBXGroup;
			children = (
			);
			path = Model;
			sourceTree = "<group>";
		};
		5B8E5BD62050CA5C00DEFCA6 /* Contrller */ = {
			isa = PBXGroup;
			children = (
				5B8E5BB8204FCF1000DEFCA6 /* Profile.storyboard */,
			);
			path = Contrller;
			sourceTree = "<group>";
		};
		5B8E5BD72050CA5C00DEFCA6 /* Model */ = {
			isa = PBXGroup;
			children = (
			);
			path = Model;
			sourceTree = "<group>";
		};
		5B8E5BD82050CA5D00DEFCA6 /* View */ = {
			isa = PBXGroup;
			children = (
			);
			path = View;
			sourceTree = "<group>";
		};
		5B8E5BDF2050D94300DEFCA6 /* extension */ = {
			isa = PBXGroup;
			children = (
				5B8E5BE02050DA9200DEFCA6 /* UIBarButtonItem-Extension.swift */,
				5B8E5BEC2052294000DEFCA6 /* UIColor-Extension.swift */,
			);
			path = extension;
			sourceTree = "<group>";
		};
		5BDD89FE204E8F7C009FAA66 = {
			isa = PBXGroup;
			children = (
				5BDD8A09204E8F7C009FAA66 /* douyu */,
				5BDD8A08204E8F7C009FAA66 /* Products */,
			);
			sourceTree = "<group>";
		};
		5BDD8A08204E8F7C009FAA66 /* Products */ = {
			isa = PBXGroup;
			children = (
				5BDD8A07204E8F7C009FAA66 /* douyu.app */,
			);
			name = Products;
			sourceTree = "<group>";
		};
		5BDD8A09204E8F7C009FAA66 /* douyu */ = {
			isa = PBXGroup;
			children = (
				5B8E5BA7204FBB4200DEFCA6 /* Classes */,
				5BDD8A0A204E8F7C009FAA66 /* AppDelegate.swift */,
				5BDD8A11204E8F7C009FAA66 /* Assets.xcassets */,
				5BDD8A13204E8F7C009FAA66 /* LaunchScreen.storyboard */,
				5BDD8A16204E8F7C009FAA66 /* Info.plist */,
			);
			path = douyu;
			sourceTree = "<group>";
		};
/* End PBXGroup section */

/* Begin PBXNativeTarget section */
		5BDD8A06204E8F7C009FAA66 /* douyu */ = {
			isa = PBXNativeTarget;
			buildConfigurationList = 5BDD8A19204E8F7C009FAA66 /* Build configuration list for PBXNativeTarget "douyu" */;
			buildPhases = (
				5BDD8A03204E8F7C009FAA66 /* Sources */,
				5BDD8A04204E8F7C009FAA66 /* Frameworks */,
				5BDD8A05204E8F7C009FAA66 /* Resources */,
			);
			buildRules = (
			);
			dependencies = (
			);
			name = douyu;
			productName = douyu;
			productReference = 5BDD8A07204E8F7C009FAA66 /* douyu.app */;
			productType = "com.apple.product-type.application";
		};
/* End PBXNativeTarget section */

/* Begin PBXProject section */
		5BDD89FF204E8F7C009FAA66 /* Project object */ = {
			isa = PBXProject;
			attributes = {
				LastSwiftUpdateCheck = 0910;
				LastUpgradeCheck = 0910;
				ORGANIZATIONNAME = com.mscynol.study;
				TargetAttributes = {
					5BDD8A06204E8F7C009FAA66 = {
						CreatedOnToolsVersion = 9.1;
						ProvisioningStyle = Automatic;
					};
				};
			};
			buildConfigurationList = 5BDD8A02204E8F7C009FAA66 /* Build configuration list for PBXProject "douyu" */;
			compatibilityVersion = "Xcode 8.0";
			developmentRegion = en;
			hasScannedForEncodings = 0;
			knownRegions = (
				en,
				Base,
			);
			mainGroup = 5BDD89FE204E8F7C009FAA66;
			productRefGroup = 5BDD8A08204E8F7C009FAA66 /* Products */;
			projectDirPath = "";
			projectRoot = "";
			targets = (
				5BDD8A06204E8F7C009FAA66 /* douyu */,
			);
		};
/* End PBXProject section */

/* Begin PBXResourcesBuildPhase section */
		5BDD8A05204E8F7C009FAA66 /* Resources */ = {
			isa = PBXResourcesBuildPhase;
			buildActionMask = 2147483647;
			files = (
				5BDD8A15204E8F7C009FAA66 /* LaunchScreen.storyboard in Resources */,
				5BDD8A12204E8F7C009FAA66 /* Assets.xcassets in Resources */,
				5B8E5BDC2050CB6B00DEFCA6 /* Main.storyboard in Resources */,
				5B8E5BB5204FCED000DEFCA6 /* Live.storyboard in Resources */,
				5B8E5BB3204FCEAC00DEFCA6 /* Home.storyboard in Resources */,
				5B8E5BB9204FCF1000DEFCA6 /* Profile.storyboard in Resources */,
				5B8E5BB7204FCEE300DEFCA6 /* Follow.storyboard in Resources */,
			);
			runOnlyForDeploymentPostprocessing = 0;
		};
/* End PBXResourcesBuildPhase section */

/* Begin PBXSourcesBuildPhase section */
		5BDD8A03204E8F7C009FAA66 /* Sources */ = {
			isa = PBXSourcesBuildPhase;
			buildActionMask = 2147483647;
			files = (
				5B8E5BDB2050CB6B00DEFCA6 /* MainViewController.swift in Sources */,
				5B8E5BED2052294000DEFCA6 /* UIColor-Extension.swift in Sources */,
				5BDD8A0B204E8F7C009FAA66 /* AppDelegate.swift in Sources */,
				5B9D560C2052855D00B45D84 /* PageContentView.swift in Sources */,
				5B8E5BE5205127B200DEFCA6 /* PageTitleView.swift in Sources */,
				5B8E5BE12050DA9200DEFCA6 /* UIBarButtonItem-Extension.swift in Sources */,
				5B8E5BE720512DA200DEFCA6 /* Common.swift in Sources */,
				5B8E5BDE2050CD6200DEFCA6 /* HomeViewController.swift in Sources */,
			);
			runOnlyForDeploymentPostprocessing = 0;
		};
/* End PBXSourcesBuildPhase section */

/* Begin PBXVariantGroup section */
		5BDD8A13204E8F7C009FAA66 /* LaunchScreen.storyboard */ = {
			isa = PBXVariantGroup;
			children = (
				5BDD8A14204E8F7C009FAA66 /* Base */,
			);
			name = LaunchScreen.storyboard;
			sourceTree = "<group>";
		};
/* End PBXVariantGroup section */

/* Begin XCBuildConfiguration section */
		5BDD8A17204E8F7C009FAA66 /* Debug */ = {
			isa = XCBuildConfiguration;
			buildSettings = {
				ALWAYS_SEARCH_USER_PATHS = NO;
				CLANG_ANALYZER_NONNULL = YES;
				CLANG_ANALYZER_NUMBER_OBJECT_CONVERSION = YES_AGGRESSIVE;
				CLANG_CXX_LANGUAGE_STANDARD = "gnu++14";
				CLANG_CXX_LIBRARY = "libc++";
				CLANG_ENABLE_MODULES = YES;
				CLANG_ENABLE_OBJC_ARC = YES;
				CLANG_WARN_BLOCK_CAPTURE_AUTORELEASING = YES;
				CLANG_WARN_BOOL_CONVERSION = YES;
				CLANG_WARN_COMMA = YES;
				CLANG_WARN_CONSTANT_CONVERSION = YES;
				CLANG_WARN_DIRECT_OBJC_ISA_USAGE = YES_ERROR;
				CLANG_WARN_DOCUMENTATION_COMMENTS = YES;
				CLANG_WARN_EMPTY_BODY = YES;
				CLANG_WARN_ENUM_CONVERSION = YES;
				CLANG_WARN_INFINITE_RECURSION = YES;
				CLANG_WARN_INT_CONVERSION = YES;
				CLANG_WARN_NON_LITERAL_NULL_CONVERSION = YES;
				CLANG_WARN_OBJC_LITERAL_CONVERSION = YES;
				CLANG_WARN_OBJC_ROOT_CLASS = YES_ERROR;
				CLANG_WARN_RANGE_LOOP_ANALYSIS = YES;
				CLANG_WARN_STRICT_PROTOTYPES = YES;
				CLANG_WARN_SUSPICIOUS_MOVE = YES;
				CLANG_WARN_UNGUARDED_AVAILABILITY = YES_AGGRESSIVE;
				CLANG_WARN_UNREACHABLE_CODE = YES;
				CLANG_WARN__DUPLICATE_METHOD_MATCH = YES;
				CODE_SIGN_IDENTITY = "iPhone Developer";
				COPY_PHASE_STRIP = NO;
				DEBUG_INFORMATION_FORMAT = dwarf;
				ENABLE_STRICT_OBJC_MSGSEND = YES;
				ENABLE_TESTABILITY = YES;
				GCC_C_LANGUAGE_STANDARD = gnu11;
				GCC_DYNAMIC_NO_PIC = NO;
				GCC_NO_COMMON_BLOCKS = YES;
				GCC_OPTIMIZATION_LEVEL = 0;
				GCC_PREPROCESSOR_DEFINITIONS = (
					"DEBUG=1",
					"$(inherited)",
				);
				GCC_WARN_64_TO_32_BIT_CONVERSION = YES;
				GCC_WARN_ABOUT_RETURN_TYPE = YES_ERROR;
				GCC_WARN_UNDECLARED_SELECTOR = YES;
				GCC_WARN_UNINITIALIZED_AUTOS = YES_AGGRESSIVE;
				GCC_WARN_UNUSED_FUNCTION = YES;
				GCC_WARN_UNUSED_VARIABLE = YES;
				IPHONEOS_DEPLOYMENT_TARGET = 11.1;
				MTL_ENABLE_DEBUG_INFO = YES;
				ONLY_ACTIVE_ARCH = YES;
				SDKROOT = iphoneos;
				SWIFT_ACTIVE_COMPILATION_CONDITIONS = DEBUG;
				SWIFT_OPTIMIZATION_LEVEL = "-Onone";
			};
			name = Debug;
		};
		5BDD8A18204E8F7C009FAA66 /* Release */ = {
			isa = XCBuildConfiguration;
			buildSettings = {
				ALWAYS_SEARCH_USER_PATHS = NO;
				CLANG_ANALYZER_NONNULL = YES;
				CLANG_ANALYZER_NUMBER_OBJECT_CONVERSION = YES_AGGRESSIVE;
				CLANG_CXX_LANGUAGE_STANDARD = "gnu++14";
				CLANG_CXX_LIBRARY = "libc++";
				CLANG_ENABLE_MODULES = YES;
				CLANG_ENABLE_OBJC_ARC = YES;
				CLANG_WARN_BLOCK_CAPTURE_AUTORELEASING = YES;
				CLANG_WARN_BOOL_CONVERSION = YES;
				CLANG_WARN_COMMA = YES;
				CLANG_WARN_CONSTANT_CONVERSION = YES;
				CLANG_WARN_DIRECT_OBJC_ISA_USAGE = YES_ERROR;
				CLANG_WARN_DOCUMENTATION_COMMENTS = YES;
				CLANG_WARN_EMPTY_BODY = YES;
				CLANG_WARN_ENUM_CONVERSION = YES;
				CLANG_WARN_INFINITE_RECURSION = YES;
				CLANG_WARN_INT_CONVERSION = YES;
				CLANG_WARN_NON_LITERAL_NULL_CONVERSION = YES;
				CLANG_WARN_OBJC_LITERAL_CONVERSION = YES;
				CLANG_WARN_OBJC_ROOT_CLASS = YES_ERROR;
				CLANG_WARN_RANGE_LOOP_ANALYSIS = YES;
				CLANG_WARN_STRICT_PROTOTYPES = YES;
				CLANG_WARN_SUSPICIOUS_MOVE = YES;
				CLANG_WARN_UNGUARDED_AVAILABILITY = YES_AGGRESSIVE;
				CLANG_WARN_UNREACHABLE_CODE = YES;
				CLANG_WARN__DUPLICATE_METHOD_MATCH = YES;
				CODE_SIGN_IDENTITY = "iPhone Developer";
				COPY_PHASE_STRIP = NO;
				DEBUG_INFORMATION_FORMAT = "dwarf-with-dsym";
				ENABLE_NS_ASSERTIONS = NO;
				ENABLE_STRICT_OBJC_MSGSEND = YES;
				GCC_C_LANGUAGE_STANDARD = gnu11;
				GCC_NO_COMMON_BLOCKS = YES;
				GCC_WARN_64_TO_32_BIT_CONVERSION = YES;
				GCC_WARN_ABOUT_RETURN_TYPE = YES_ERROR;
				GCC_WARN_UNDECLARED_SELECTOR = YES;
				GCC_WARN_UNINITIALIZED_AUTOS = YES_AGGRESSIVE;
				GCC_WARN_UNUSED_FUNCTION = YES;
				GCC_WARN_UNUSED_VARIABLE = YES;
				IPHONEOS_DEPLOYMENT_TARGET = 11.1;
				MTL_ENABLE_DEBUG_INFO = NO;
				SDKROOT = iphoneos;
				SWIFT_OPTIMIZATION_LEVEL = "-Owholemodule";
				VALIDATE_PRODUCT = YES;
			};
			name = Release;
		};
		5BDD8A1A204E8F7C009FAA66 /* Debug */ = {
			isa = XCBuildConfiguration;
			buildSettings = {
				ASSETCATALOG_COMPILER_APPICON_NAME = AppIcon;
				ASSETCATALOG_COMPILER_LAUNCHIMAGE_NAME = LaunchImage;
				CODE_SIGN_STYLE = Automatic;
				DEVELOPMENT_TEAM = 34FV2RS7PB;
				INFOPLIST_FILE = douyu/Info.plist;
				IPHONEOS_DEPLOYMENT_TARGET = 8.0;
				LD_RUNPATH_SEARCH_PATHS = "$(inherited) @executable_path/Frameworks";
				PRODUCT_BUNDLE_IDENTIFIER = com.mscynol.douyu;
				PRODUCT_NAME = "$(TARGET_NAME)";
				SWIFT_VERSION = 4.0;
				TARGETED_DEVICE_FAMILY = 1;
			};
			name = Debug;
		};
		5BDD8A1B204E8F7C009FAA66 /* Release */ = {
			isa = XCBuildConfiguration;
			buildSettings = {
				ASSETCATALOG_COMPILER_APPICON_NAME = AppIcon;
				ASSETCATALOG_COMPILER_LAUNCHIMAGE_NAME = LaunchImage;
				CODE_SIGN_STYLE = Automatic;
				DEVELOPMENT_TEAM = 34FV2RS7PB;
				INFOPLIST_FILE = douyu/Info.plist;
				IPHONEOS_DEPLOYMENT_TARGET = 8.0;
				LD_RUNPATH_SEARCH_PATHS = "$(inherited) @executable_path/Frameworks";
				PRODUCT_BUNDLE_IDENTIFIER = com.mscynol.douyu;
				PRODUCT_NAME = "$(TARGET_NAME)";
				SWIFT_VERSION = 4.0;
				TARGETED_DEVICE_FAMILY = 1;
			};
			name = Release;
		};
/* End XCBuildConfiguration section */

/* Begin XCConfigurationList section */
		5BDD8A02204E8F7C009FAA66 /* Build configuration list for PBXProject "douyu" */ = {
			isa = XCConfigurationList;
			buildConfigurations = (
				5BDD8A17204E8F7C009FAA66 /* Debug */,
				5BDD8A18204E8F7C009FAA66 /* Release */,
			);
			defaultConfigurationIsVisible = 0;
			defaultConfigurationName = Release;
		};
		5BDD8A19204E8F7C009FAA66 /* Build configuration list for PBXNativeTarget "douyu" */ = {
			isa = XCConfigurationList;
			buildConfigurations = (
				5BDD8A1A204E8F7C009FAA66 /* Debug */,
				5BDD8A1B204E8F7C009FAA66 /* Release */,
			);
			defaultConfigurationIsVisible = 0;
			defaultConfigurationName = Release;
		};
/* End XCConfigurationList section */
	};
	rootObject = 5BDD89FF204E8F7C009FAA66 /* Project object */;
}
